{
  "originHash" : "f5121ecd77203e2b49ef959dfe54fdde6cc963c506eefe613d12f6c484f165bc",
  "pins" : [
    {
      "identity" : "superscript-ios",
      "kind" : "remoteSourceControl",
      "location" : "https://github.com/superwall/Superscript-iOS",
      "state" : {
        "revision" : "bde42f1c7652a69a469677978ed97cba92c4dd2c",
        "version" : "1.0.10"
      }
    },
    {
      "identity" : "superwall-ios",
      "kind" : "remoteSourceControl",
      "location" : "https://github.com/superwall/Superwall-iOS",
      "state" : {
        "revision" : "886c35c556bdac8f8fda6c765239aa908c16e4e5",
        "version" : "4.10.6"
      }
    },
    {
      "identity" : "swiftsdk",
      "kind" : "remoteSourceControl",
      "location" : "https://github.com/TelemetryDeck/SwiftSDK",
      "state" : {
        "revision" : "8f332c1c256ba26cc46f74c9e5af94f7b1c37a9c",
        "version" : "2.11.0"
      }
    }
  ],
  "version" : 3
}
